PODS:
  - Color-Picker-for-iOS (2.0.2)
  - DZNEmptyDataSet (1.8.1)
  - fishhook (0.2)
  - LEColorPicker (1.0.3)
  - MXParallaxHeader (1.0.0)
  - SCParser (1.1)
  - SDWebImage (4.4.7):
    - SDWebImage/Core (= 4.4.7)
  - SDWebImage/Core (4.4.7)
  - SSZipArchive (2.2.2)

DEPENDENCIES:
  - Color-Picker-for-iOS
  - DZNEmptyDataSet
  - fishhook
  - LEColorPicker
  - MXParallaxHeader
  - SCParser
  - SDWebImage (~> 4.0)
  - SSZipArchive

SPEC REPOS:
  https://github.com/cocoapods/specs.git:
    - Color-Picker-for-iOS
    - DZNEmptyDataSet
    - fishhook
    - LEColorPicker
    - MXParallaxHeader
    - SDWebImage
    - SSZipArchive
  https://github.com/danpashin/DeveletoryPod.git:
    - SCParser

SPEC CHECKSUMS:
  Color-Picker-for-iOS: 4980589b3e3cfe7198f227dd50be9adb02d8bc0b
  DZNEmptyDataSet: 9525833b9e68ac21c30253e1d3d7076cc828eaa7
  fishhook: ea19933abfe8f2f52c55fd8b6e2718467d3ebc89
  LEColorPicker: 34509a9df7a128b1109a5dbe3f25921fc511c03d
  MXParallaxHeader: a95e0af1f485b1b718a6939f583f0dbae6992c41
  SCParser: 47e0f590bba01509927cea9d45a72342ec1f4c9e
  SDWebImage: c10d14a8883ebd89664f02a422006f66a85c0c5d
  SSZipArchive: fa16b8cc4cdeceb698e5e5d9f67e9558532fbf23

PODFILE CHECKSUM: e79e8c4481131b5f5538a9bdf75e187301852435

COCOAPODS: 1.7.5
