PODS:
  - Color-Picker-for-iOS (2.0.2)
  - DZNEmptyDataSet (1.8.1)
  - fishhook (0.2)
  - LEColorPicker (1.0.3)
  - MXParallaxHeader (0.6.1)
  - SCParser (1.1)
  - SDWebImage (4.4.5):
    - SDWebImage/Core (= 4.4.5)
  - SDWebImage/Core (4.4.5)
  - SSZipArchive (2.1.4)

DEPENDENCIES:
  - Color-Picker-for-iOS
  - DZNEmptyDataSet
  - fishhook
  - LEColorPicker
  - MXParallaxHeader
  - SCParser
  - SDWebImage (~> 4.0)
  - SSZipArchive

SPEC REPOS:
  https://github.com/cocoapods/specs.git:
    - Color-Picker-for-iOS
    - DZNEmptyDataSet
    - fishhook
    - LEColorPicker
    - MXParallaxHeader
    - SDWebImage
    - SSZipArchive
  https://github.com/daniilpashin/DeveletoryPod.git:
    - SCParser

SPEC CHECKSUMS:
  Color-Picker-for-iOS: 4980589b3e3cfe7198f227dd50be9adb02d8bc0b
  DZNEmptyDataSet: 9525833b9e68ac21c30253e1d3d7076cc828eaa7
  fishhook: ea19933abfe8f2f52c55fd8b6e2718467d3ebc89
  LEColorPicker: 34509a9df7a128b1109a5dbe3f25921fc511c03d
  MXParallaxHeader: 858c403532ed933b381556a81ce333d7065ad182
  SCParser: 47e0f590bba01509927cea9d45a72342ec1f4c9e
  SDWebImage: ecc03494e973b93b80213649d32175f8d2d17d4d
  SSZipArchive: 41455d4b8d2b6ab93990820b50dc697c2554a322

PODFILE CHECKSUM: 1272d1baa8dbb16fb19168466c00e837c7c0f1df

COCOAPODS: 1.6.0
