<?xml version="1.0" encoding="UTF-8"?>
<Scheme
   LastUpgradeVersion = "0830"
   version = "1.7">
   <BuildAction
      parallelizeBuildables = "NO"
      buildImplicitDependencies = "YES">
      <PreActions>
         <ExecutionAction
            ActionType = "Xcode.IDEStandardExecutionActionsCore.ExecutionActionType.ShellScriptAction">
            <ActionContent
               title = "Run Script"
               scriptText = "if [ -f ${PRODUCT_BUNDLE_IDENTIFIER}_${APP_VERSION}_${PLATFORM_NAME}-arm.deb ];&#10;then rm -rf ${PRODUCT_BUNDLE_IDENTIFIER}_${APP_VERSION}_${PLATFORM_NAME}-arm.deb &#10;fi">
               <EnvironmentBuildable>
                  <BuildableReference
                     BuildableIdentifier = "primary"
                     BlueprintIdentifier = "A5B6ED051D3D659800383425"
                     BuildableName = "ColoredVK2.bundle"
                     BlueprintName = "ColoredVK-Prefs"
                     ReferencedContainer = "container:ColoredVK2.xcodeproj">
                  </BuildableReference>
               </EnvironmentBuildable>
            </ActionContent>
         </ExecutionAction>
      </PreActions>
      <BuildActionEntries>
         <BuildActionEntry
            buildForTesting = "NO"
            buildForRunning = "YES"
            buildForProfiling = "NO"
            buildForArchiving = "NO"
            buildForAnalyzing = "YES">
            <BuildableReference
               BuildableIdentifier = "primary"
               BlueprintIdentifier = "A5079FB11CC92157005B9693"
               BuildableName = "ColoredVK2.dylib"
               BlueprintName = "ColoredVK"
               ReferencedContainer = "container:ColoredVK2.xcodeproj">
            </BuildableReference>
         </BuildActionEntry>
         <BuildActionEntry
            buildForTesting = "NO"
            buildForRunning = "YES"
            buildForProfiling = "NO"
            buildForArchiving = "NO"
            buildForAnalyzing = "YES">
            <BuildableReference
               BuildableIdentifier = "primary"
               BlueprintIdentifier = "A5B6ED051D3D659800383425"
               BuildableName = "ColoredVK2.bundle"
               BlueprintName = "ColoredVK-Prefs"
               ReferencedContainer = "container:ColoredVK2.xcodeproj">
            </BuildableReference>
         </BuildActionEntry>
         <BuildActionEntry
            buildForTesting = "NO"
            buildForRunning = "YES"
            buildForProfiling = "NO"
            buildForArchiving = "NO"
            buildForAnalyzing = "NO">
            <BuildableReference
               BuildableIdentifier = "primary"
               BlueprintIdentifier = "A5D979AB1DAEBB0E00607F06"
               BuildableName = "ColoredVK-Builder"
               BlueprintName = "ColoredVK-Builder"
               ReferencedContainer = "container:ColoredVK2.xcodeproj">
            </BuildableReference>
         </BuildActionEntry>
      </BuildActionEntries>
   </BuildAction>
   <TestAction
      buildConfiguration = "Release_DEB"
      selectedDebuggerIdentifier = "Xcode.DebuggerFoundation.Debugger.LLDB"
      selectedLauncherIdentifier = "Xcode.DebuggerFoundation.Launcher.LLDB"
      shouldUseLaunchSchemeArgsEnv = "YES">
      <Testables>
      </Testables>
      <MacroExpansion>
         <BuildableReference
            BuildableIdentifier = "primary"
            BlueprintIdentifier = "A5079FB11CC92157005B9693"
            BuildableName = "ColoredVK2.dylib"
            BlueprintName = "ColoredVK"
            ReferencedContainer = "container:ColoredVK2.xcodeproj">
         </BuildableReference>
      </MacroExpansion>
      <AdditionalOptions>
      </AdditionalOptions>
   </TestAction>
   <LaunchAction
      buildConfiguration = "Release_DEB"
      selectedDebuggerIdentifier = "Xcode.DebuggerFoundation.Debugger.LLDB"
      selectedLauncherIdentifier = "Xcode.DebuggerFoundation.Launcher.LLDB"
      launchStyle = "0"
      useCustomWorkingDirectory = "NO"
      ignoresPersistentStateOnLaunch = "NO"
      debugDocumentVersioning = "YES"
      debugServiceExtension = "internal"
      allowLocationSimulation = "YES">
      <PreActions>
         <ExecutionAction
            ActionType = "Xcode.IDEStandardExecutionActionsCore.ExecutionActionType.ShellScriptAction">
            <ActionContent
               title = "Run Script"
               scriptText = "if [ -f ${PRODUCT_BUNDLE_IDENTIFIER}_${APP_VERSION}_${PLATFORM_NAME}-arm.deb ];&#10;then rm -rf ${PRODUCT_BUNDLE_IDENTIFIER}_${APP_VERSION}_${PLATFORM_NAME}-arm.deb &#10;fi"
               shellToInvoke = "/bin/sh">
               <EnvironmentBuildable>
                  <BuildableReference
                     BuildableIdentifier = "primary"
                     BlueprintIdentifier = "A5B6ED051D3D659800383425"
                     BuildableName = "ColoredVK2.bundle"
                     BlueprintName = "ColoredVK-Prefs"
                     ReferencedContainer = "container:ColoredVK2.xcodeproj">
                  </BuildableReference>
               </EnvironmentBuildable>
            </ActionContent>
         </ExecutionAction>
      </PreActions>
      <MacroExpansion>
         <BuildableReference
            BuildableIdentifier = "primary"
            BlueprintIdentifier = "A5079FB11CC92157005B9693"
            BuildableName = "ColoredVK2.dylib"
            BlueprintName = "ColoredVK"
            ReferencedContainer = "container:ColoredVK2.xcodeproj">
         </BuildableReference>
      </MacroExpansion>
      <AdditionalOptions>
      </AdditionalOptions>
   </LaunchAction>
   <ProfileAction
      buildConfiguration = "Release_DEB"
      shouldUseLaunchSchemeArgsEnv = "YES"
      savedToolIdentifier = ""
      useCustomWorkingDirectory = "NO"
      debugDocumentVersioning = "YES">
   </ProfileAction>
   <AnalyzeAction
      buildConfiguration = "Release_DEB">
   </AnalyzeAction>
   <ArchiveAction
      buildConfiguration = "Release_DEB"
      revealArchiveInOrganizer = "YES">
   </ArchiveAction>
</Scheme>
