// !$*UTF8*$!
{
	archiveVersion = 1;
	classes = {
	};
	objectVersion = 48;
	objects = {

/* Begin PBXAggregateTarget section */
		A5D979AB1DAEBB0E00607F06 /* ColoredVK-Builder */ = {
			isa = PBXAggregateTarget;
			buildConfigurationList = A5D979AC1DAEBB0E00607F06 /* Build configuration list for PBXAggregateTarget "ColoredVK-Builder" */;
			buildPhases = (
				A5D979B01DAEBB1900607F06 /* ShellScript */,
			);
			dependencies = (
			);
			name = "ColoredVK-Builder";
			productName = "ColoredVK-Builder";
		};
/* End PBXAggregateTarget section */

/* Begin PBXBuildFile section */
		A50311E41D853E800075B177 /* libMobileGestalt.tbd in Frameworks */ = {isa = PBXBuildFile; fileRef = A50311E31D853E800075B177 /* libMobileGestalt.tbd */; };
		A504C0731DAFE839006C5FBC /* DTConstants.h in Headers */ = {isa = PBXBuildFile; fileRef = A504C0641DAFE839006C5FBC /* DTConstants.h */; };
		A504C0741DAFE839006C5FBC /* DTConstants.m in Sources */ = {isa = PBXBuildFile; fileRef = A504C0651DAFE839006C5FBC /* DTConstants.m */; };
		A504C07F1DAFE839006C5FBC /* NSDate+DateTools.h in Headers */ = {isa = PBXBuildFile; fileRef = A504C0701DAFE839006C5FBC /* NSDate+DateTools.h */; };
		A504C0801DAFE839006C5FBC /* NSDate+DateTools.m in Sources */ = {isa = PBXBuildFile; fileRef = A504C0711DAFE839006C5FBC /* NSDate+DateTools.m */; };
		A504C0831DB011ED006C5FBC /* PSTableCell+ColoredVK.h in Headers */ = {isa = PBXBuildFile; fileRef = A504C0811DB011ED006C5FBC /* PSTableCell+ColoredVK.h */; };
		A504C0841DB011ED006C5FBC /* PSTableCell+ColoredVK.m in Sources */ = {isa = PBXBuildFile; fileRef = A504C0821DB011ED006C5FBC /* PSTableCell+ColoredVK.m */; };
		A50731D51CD535130088EF9F /* QuartzCore.framework in Frameworks */ = {isa = PBXBuildFile; fileRef = A50731D41CD535130088EF9F /* QuartzCore.framework */; };
		A5079FB61CC92157005B9693 /* Foundation.framework in Frameworks */ = {isa = PBXBuildFile; fileRef = A5079FB51CC92157005B9693 /* Foundation.framework */; };
		A5079FCB1CC9261B005B9693 /* UIKit.framework in Frameworks */ = {isa = PBXBuildFile; fileRef = A5079FCA1CC9261B005B9693 /* UIKit.framework */; };
		A50D222A1DB15E54007F195C /* ColoredVKInstaller.h in Headers */ = {isa = PBXBuildFile; fileRef = A52743661D8ADDE20063B78F /* ColoredVKInstaller.h */; };
		A50D222B1DB15E54007F195C /* ColoredVKInstaller.m in Sources */ = {isa = PBXBuildFile; fileRef = A52743671D8ADDE20063B78F /* ColoredVKInstaller.m */; };
		A50D222C1DB16572007F195C /* DTConstants.h in Headers */ = {isa = PBXBuildFile; fileRef = A504C0641DAFE839006C5FBC /* DTConstants.h */; };
		A50D222D1DB16572007F195C /* DTConstants.m in Sources */ = {isa = PBXBuildFile; fileRef = A504C0651DAFE839006C5FBC /* DTConstants.m */; };
		A50D222E1DB16572007F195C /* NSDate+DateTools.h in Headers */ = {isa = PBXBuildFile; fileRef = A504C0701DAFE839006C5FBC /* NSDate+DateTools.h */; };
		A50D222F1DB16572007F195C /* NSDate+DateTools.m in Sources */ = {isa = PBXBuildFile; fileRef = A504C0711DAFE839006C5FBC /* NSDate+DateTools.m */; };
		A50FFD121D79D4C600482500 /* MobileCoreServices.framework in Frameworks */ = {isa = PBXBuildFile; fileRef = A517D7991D78A25700DD153E /* MobileCoreServices.framework */; };
		A517D79A1D78A25700DD153E /* MobileCoreServices.framework in Frameworks */ = {isa = PBXBuildFile; fileRef = A517D7991D78A25700DD153E /* MobileCoreServices.framework */; };
		A53D11D81D462022009567B5 /* Preferences.framework in Frameworks */ = {isa = PBXBuildFile; fileRef = A53D11D71D462022009567B5 /* Preferences.framework */; };
		A53D11D91D462022009567B5 /* Preferences.framework in Frameworks */ = {isa = PBXBuildFile; fileRef = A53D11D71D462022009567B5 /* Preferences.framework */; };
		A5B6ED071D3D659800383425 /* Foundation.framework in Frameworks */ = {isa = PBXBuildFile; fileRef = A5079FB51CC92157005B9693 /* Foundation.framework */; };
		A5B6ED081D3D659800383425 /* UIKit.framework in Frameworks */ = {isa = PBXBuildFile; fileRef = A5079FCA1CC9261B005B9693 /* UIKit.framework */; };
		A5B6ED451D3D68F000383425 /* QuartzCore.framework in Frameworks */ = {isa = PBXBuildFile; fileRef = A50731D41CD535130088EF9F /* QuartzCore.framework */; };
		A5B871051DB811F700BFCED7 /* NSData+AES.m in Sources */ = {isa = PBXBuildFile; fileRef = A53BFBCC1D8573960071D9A2 /* NSData+AES.m */; };
		A5D0A2A01DB270EC00720E41 /* libMobileGestalt.tbd in Frameworks */ = {isa = PBXBuildFile; fileRef = A50311E31D853E800075B177 /* libMobileGestalt.tbd */; };
		A5D979631DAEB87900607F06 /* Tweak.m in Sources */ = {isa = PBXBuildFile; fileRef = A53D91961CCA82B400E45A49 /* Tweak.m */; };
		A5D979641DAEB87900607F06 /* ColoredVKInstaller.m in Sources */ = {isa = PBXBuildFile; fileRef = A52743671D8ADDE20063B78F /* ColoredVKInstaller.m */; };
		A5D979651DAEB87900607F06 /* NSData+AES.m in Sources */ = {isa = PBXBuildFile; fileRef = A53BFBCC1D8573960071D9A2 /* NSData+AES.m */; };
		A5D979661DAEB87900607F06 /* UIBarButtonItem+BlocksKit.m in Sources */ = {isa = PBXBuildFile; fileRef = A51B494F1D7C98100041D600 /* UIBarButtonItem+BlocksKit.m */; };
		A5D979671DAEB87900607F06 /* UIImage+ColoredVK.m in Sources */ = {isa = PBXBuildFile; fileRef = A58F341D1D5A3BBA00838814 /* UIImage+ColoredVK.m */; };
		A5D979681DAEB87900607F06 /* UIColor+ColoredVK.m in Sources */ = {isa = PBXBuildFile; fileRef = A58F34101D5A378100838814 /* UIColor+ColoredVK.m */; };
		A5D979691DAEB88F00607F06 /* PrefixHeader.h in Headers */ = {isa = PBXBuildFile; fileRef = A53D12911D467016009567B5 /* PrefixHeader.h */; };
		A5D9796A1DAEB88F00607F06 /* ColoredVKInstaller.h in Headers */ = {isa = PBXBuildFile; fileRef = A52743661D8ADDE20063B78F /* ColoredVKInstaller.h */; };
		A5D9796B1DAEB88F00607F06 /* NSData+AES.h in Headers */ = {isa = PBXBuildFile; fileRef = A53BFBCB1D8573960071D9A2 /* NSData+AES.h */; };
		A5D9796C1DAEB88F00607F06 /* BKDefines.h in Headers */ = {isa = PBXBuildFile; fileRef = A51B49521D7C99580041D600 /* BKDefines.h */; };
		A5D9796D1DAEB88F00607F06 /* UIBarButtonItem+BlocksKit.h in Headers */ = {isa = PBXBuildFile; fileRef = A51B494E1D7C98100041D600 /* UIBarButtonItem+BlocksKit.h */; };
		A5D9796E1DAEB88F00607F06 /* UIImage+ColoredVK.h in Headers */ = {isa = PBXBuildFile; fileRef = A58F341C1D5A3BBA00838814 /* UIImage+ColoredVK.h */; };
		A5D9796F1DAEB88F00607F06 /* UIColor+ColoredVK.h in Headers */ = {isa = PBXBuildFile; fileRef = A58F34111D5A378100838814 /* UIColor+ColoredVK.h */; };
		A5D979701DAEB8A200607F06 /* UIImage+ResizeMagick.m in Sources */ = {isa = PBXBuildFile; fileRef = A5D84BFF1CCFF312000C13B9 /* UIImage+ResizeMagick.m */; };
		A5D979711DAEB8A700607F06 /* UIImage+ResizeMagick.h in Headers */ = {isa = PBXBuildFile; fileRef = A5D84BFE1CCFF312000C13B9 /* UIImage+ResizeMagick.h */; };
		A5D979721DAEB8BC00607F06 /* CoreGraphics.framework in Frameworks */ = {isa = PBXBuildFile; fileRef = A5DA87E01D944ECE00763B5F /* CoreGraphics.framework */; };
		A5D979731DAEB8EA00607F06 /* PrefixHeader.h in Headers */ = {isa = PBXBuildFile; fileRef = A53D12911D467016009567B5 /* PrefixHeader.h */; };
		A5D979741DAEB8EA00607F06 /* ColoredVKPrefs.h in Headers */ = {isa = PBXBuildFile; fileRef = A5372DDC1CCB9ABE00EC57D2 /* ColoredVKPrefs.h */; };
		A5D979751DAEB8EA00607F06 /* ColoredVKColorPicker.h in Headers */ = {isa = PBXBuildFile; fileRef = A5372DF81CCBC8E700EC57D2 /* ColoredVKColorPicker.h */; };
		A5D979761DAEB8EA00607F06 /* ColoredVKColorCell.h in Headers */ = {isa = PBXBuildFile; fileRef = A5DC150A1CCC03E1004D6731 /* ColoredVKColorCell.h */; };
		A5D979771DAEB8EA00607F06 /* ColoredVKImageCell.h in Headers */ = {isa = PBXBuildFile; fileRef = A5771EFA1CCE50BD002FF676 /* ColoredVKImageCell.h */; };
		A5D979781DAEB8EA00607F06 /* ColoredVKStepperPrefsCell.h in Headers */ = {isa = PBXBuildFile; fileRef = A58732FE1D1E960D003A2807 /* ColoredVKStepperPrefsCell.h */; };
		A5D9797B1DAEB8EA00607F06 /* ColoredVKLicencesController.h in Headers */ = {isa = PBXBuildFile; fileRef = A525E3841D872B7A0015CA59 /* ColoredVKLicencesController.h */; };
		A5D9797C1DAEB8EA00607F06 /* HRBrightnessCursor.h in Headers */ = {isa = PBXBuildFile; fileRef = A5ADE9081DA7DDC700673F1A /* HRBrightnessCursor.h */; };
		A5D9797D1DAEB8EA00607F06 /* HRBrightnessSlider.h in Headers */ = {isa = PBXBuildFile; fileRef = A5ADE90A1DA7DDC700673F1A /* HRBrightnessSlider.h */; };
		A5D9797E1DAEB8EA00607F06 /* HRColorCursor.h in Headers */ = {isa = PBXBuildFile; fileRef = A5ADE90C1DA7DDC700673F1A /* HRColorCursor.h */; };
		A5D9797F1DAEB8EA00607F06 /* HRColorInfoView.h in Headers */ = {isa = PBXBuildFile; fileRef = A5ADE90E1DA7DDC700673F1A /* HRColorInfoView.h */; };
		A5D979801DAEB8EA00607F06 /* HRColorMapView.h in Headers */ = {isa = PBXBuildFile; fileRef = A5ADE9101DA7DDC700673F1A /* HRColorMapView.h */; };
		A5D979811DAEB8EA00607F06 /* HRHSVColorUtil.h in Headers */ = {isa = PBXBuildFile; fileRef = A5ADE9121DA7DDC700673F1A /* HRHSVColorUtil.h */; };
		A5D979821DAEB8EA00607F06 /* UIImage+CoreGraphics.h in Headers */ = {isa = PBXBuildFile; fileRef = A5ADE9141DA7DDC700673F1A /* UIImage+CoreGraphics.h */; };
		A5D979831DAEB8EA00607F06 /* LHAcvitityIndicator.h in Headers */ = {isa = PBXBuildFile; fileRef = A5DA87BE1D944E1000763B5F /* LHAcvitityIndicator.h */; };
		A5D979841DAEB8EA00607F06 /* LHBackgroundView.h in Headers */ = {isa = PBXBuildFile; fileRef = A5DA87C01D944E1000763B5F /* LHBackgroundView.h */; };
		A5D979851DAEB8EA00607F06 /* LHGifImageView.h in Headers */ = {isa = PBXBuildFile; fileRef = A5DA87C21D944E1000763B5F /* LHGifImageView.h */; };
		A5D979861DAEB8EA00607F06 /* LHProgressHUD.h in Headers */ = {isa = PBXBuildFile; fileRef = A5DA87C41D944E1000763B5F /* LHProgressHUD.h */; };
		A5D979871DAEB8EA00607F06 /* UIImage+LHProgressHUD.h in Headers */ = {isa = PBXBuildFile; fileRef = A5DA87C61D944E1000763B5F /* UIImage+LHProgressHUD.h */; };
		A5D979881DAEB8EA00607F06 /* UIImage+ColoredVK.h in Headers */ = {isa = PBXBuildFile; fileRef = A58F341C1D5A3BBA00838814 /* UIImage+ColoredVK.h */; };
		A5D979891DAEB8EA00607F06 /* UIColor+ColoredVK.h in Headers */ = {isa = PBXBuildFile; fileRef = A58F34111D5A378100838814 /* UIColor+ColoredVK.h */; };
		A5D9798A1DAEB8EA00607F06 /* NSString+ColoredVK.h in Headers */ = {isa = PBXBuildFile; fileRef = A58F34131D5A378100838814 /* NSString+ColoredVK.h */; };
		A5D9798B1DAEB8EA00607F06 /* KLCPopup.h in Headers */ = {isa = PBXBuildFile; fileRef = A55F5FFD1D3B81270099BE4F /* KLCPopup.h */; };
		A5D9798C1DAEB8EA00607F06 /* UIImage+ResizeMagick.h in Headers */ = {isa = PBXBuildFile; fileRef = A5D84BFE1CCFF312000C13B9 /* UIImage+ResizeMagick.h */; };
		A5D979B61DAEBED400607F06 /* Main.storyboard in Resources */ = {isa = PBXBuildFile; fileRef = A5D979B31DAEBDF800607F06 /* Main.storyboard */; };
		A5D979B71DAEBED400607F06 /* Images.xcassets in Resources */ = {isa = PBXBuildFile; fileRef = A5D979A41DAEBA1000607F06 /* Images.xcassets */; };
		A5D979BB1DAEC1CB00607F06 /* HRBrightnessCursor.m in Sources */ = {isa = PBXBuildFile; fileRef = A5ADE9091DA7DDC700673F1A /* HRBrightnessCursor.m */; };
		A5D979BC1DAEC1CB00607F06 /* HRBrightnessSlider.m in Sources */ = {isa = PBXBuildFile; fileRef = A5ADE90B1DA7DDC700673F1A /* HRBrightnessSlider.m */; };
		A5D979BD1DAEC1CB00607F06 /* HRColorCursor.m in Sources */ = {isa = PBXBuildFile; fileRef = A5ADE90D1DA7DDC700673F1A /* HRColorCursor.m */; };
		A5D979BE1DAEC1CB00607F06 /* HRColorInfoView.m in Sources */ = {isa = PBXBuildFile; fileRef = A5ADE90F1DA7DDC700673F1A /* HRColorInfoView.m */; };
		A5D979BF1DAEC1CB00607F06 /* HRColorMapView.m in Sources */ = {isa = PBXBuildFile; fileRef = A5ADE9111DA7DDC700673F1A /* HRColorMapView.m */; };
		A5D979C01DAEC1CB00607F06 /* HRHSVColorUtil.m in Sources */ = {isa = PBXBuildFile; fileRef = A5ADE9131DA7DDC700673F1A /* HRHSVColorUtil.m */; };
		A5D979C11DAEC1CB00607F06 /* UIImage+CoreGraphics.m in Sources */ = {isa = PBXBuildFile; fileRef = A5ADE9151DA7DDC700673F1A /* UIImage+CoreGraphics.m */; };
		A5D979C21DAEC1CB00607F06 /* LHAcvitityIndicator.m in Sources */ = {isa = PBXBuildFile; fileRef = A5DA87BF1D944E1000763B5F /* LHAcvitityIndicator.m */; };
		A5D979C31DAEC1CB00607F06 /* LHBackgroundView.m in Sources */ = {isa = PBXBuildFile; fileRef = A5DA87C11D944E1000763B5F /* LHBackgroundView.m */; };
		A5D979C41DAEC1CB00607F06 /* LHGifImageView.m in Sources */ = {isa = PBXBuildFile; fileRef = A5DA87C31D944E1000763B5F /* LHGifImageView.m */; };
		A5D979C51DAEC1CB00607F06 /* LHProgressHUD.m in Sources */ = {isa = PBXBuildFile; fileRef = A5DA87C51D944E1000763B5F /* LHProgressHUD.m */; };
		A5D979C61DAEC1CB00607F06 /* UIImage+LHProgressHUD.m in Sources */ = {isa = PBXBuildFile; fileRef = A5DA87C71D944E1000763B5F /* UIImage+LHProgressHUD.m */; };
		A5D979C71DAEC1CB00607F06 /* UIImage+ColoredVK.m in Sources */ = {isa = PBXBuildFile; fileRef = A58F341D1D5A3BBA00838814 /* UIImage+ColoredVK.m */; };
		A5D979C81DAEC1CB00607F06 /* UIColor+ColoredVK.m in Sources */ = {isa = PBXBuildFile; fileRef = A58F34101D5A378100838814 /* UIColor+ColoredVK.m */; };
		A5D979C91DAEC1CB00607F06 /* NSString+ColoredVK.m in Sources */ = {isa = PBXBuildFile; fileRef = A58F34121D5A378100838814 /* NSString+ColoredVK.m */; };
		A5D979CA1DAEC1CB00607F06 /* KLCPopup.m in Sources */ = {isa = PBXBuildFile; fileRef = A55F5FFE1D3B81270099BE4F /* KLCPopup.m */; };
		A5D979CB1DAEC1CB00607F06 /* UIImage+ResizeMagick.m in Sources */ = {isa = PBXBuildFile; fileRef = A5D84BFF1CCFF312000C13B9 /* UIImage+ResizeMagick.m */; };
		A5D979CC1DAEC1CB00607F06 /* ColoredVKPrefsController.m in Sources */ = {isa = PBXBuildFile; fileRef = A5D9799E1DAEB96500607F06 /* ColoredVKPrefsController.m */; };
		A5D979CD1DAEC1CB00607F06 /* ColoredVKHeader.m in Sources */ = {isa = PBXBuildFile; fileRef = A5D979941DAEB96500607F06 /* ColoredVKHeader.m */; };
		A5D979CE1DAEC1CB00607F06 /* ColoredVKPrefs.m in Sources */ = {isa = PBXBuildFile; fileRef = A5372DDD1CCB9ABE00EC57D2 /* ColoredVKPrefs.m */; };
		A5D979CF1DAEC1CB00607F06 /* ColoredVKColorPicker.m in Sources */ = {isa = PBXBuildFile; fileRef = A5372DF91CCBC8E700EC57D2 /* ColoredVKColorPicker.m */; };
		A5D979D01DAEC1CB00607F06 /* ColoredVKColorCell.m in Sources */ = {isa = PBXBuildFile; fileRef = A5DC150B1CCC03E1004D6731 /* ColoredVKColorCell.m */; };
		A5D979D11DAEC1CB00607F06 /* ColoredVKImageCell.m in Sources */ = {isa = PBXBuildFile; fileRef = A5771EFB1CCE50BD002FF676 /* ColoredVKImageCell.m */; };
		A5D979D21DAEC1CB00607F06 /* ColoredVKStepperPrefsCell.m in Sources */ = {isa = PBXBuildFile; fileRef = A58732FD1D1E960D003A2807 /* ColoredVKStepperPrefsCell.m */; };
		A5D979D51DAEC1CB00607F06 /* ColoredVKLicencesController.m in Sources */ = {isa = PBXBuildFile; fileRef = A525E3851D872B7A0015CA59 /* ColoredVKLicencesController.m */; };
		A5D979D61DAEC1E600607F06 /* ColoredVKPrefsController.h in Headers */ = {isa = PBXBuildFile; fileRef = A5D9799D1DAEB96500607F06 /* ColoredVKPrefsController.h */; };
		A5D979D71DAEC1E600607F06 /* ColoredVKHeader.h in Headers */ = {isa = PBXBuildFile; fileRef = A5D979931DAEB96500607F06 /* ColoredVKHeader.h */; };
		A5DA87DE1D944EAC00763B5F /* ImageIO.framework in Frameworks */ = {isa = PBXBuildFile; fileRef = A5DA87DD1D944EAC00763B5F /* ImageIO.framework */; };
		A5DA87DF1D944EB700763B5F /* ImageIO.framework in Frameworks */ = {isa = PBXBuildFile; fileRef = A5DA87DD1D944EAC00763B5F /* ImageIO.framework */; };
		A5DA87E21D944ED400763B5F /* CoreGraphics.framework in Frameworks */ = {isa = PBXBuildFile; fileRef = A5DA87E01D944ECE00763B5F /* CoreGraphics.framework */; };
		A5EB1CCA1D85418500C97A91 /* libMobileGestaltExtensions.tbd in Frameworks */ = {isa = PBXBuildFile; fileRef = A5EB1CC91D85418500C97A91 /* libMobileGestaltExtensions.tbd */; };
/* End PBXBuildFile section */

/* Begin PBXFileReference section */
		A50311E31D853E800075B177 /* libMobileGestalt.tbd */ = {isa = PBXFileReference; lastKnownFileType = "sourcecode.text-based-dylib-definition"; name = libMobileGestalt.tbd; path = usr/lib/libMobileGestalt.tbd; sourceTree = SDKROOT; };
		A504C0641DAFE839006C5FBC /* DTConstants.h */ = {isa = PBXFileReference; fileEncoding = 4; lastKnownFileType = sourcecode.c.h; path = DTConstants.h; sourceTree = "<group>"; };
		A504C0651DAFE839006C5FBC /* DTConstants.m */ = {isa = PBXFileReference; fileEncoding = 4; lastKnownFileType = sourcecode.c.objc; path = DTConstants.m; sourceTree = "<group>"; };
		A504C0701DAFE839006C5FBC /* NSDate+DateTools.h */ = {isa = PBXFileReference; fileEncoding = 4; lastKnownFileType = sourcecode.c.h; path = "NSDate+DateTools.h"; sourceTree = "<group>"; };
		A504C0711DAFE839006C5FBC /* NSDate+DateTools.m */ = {isa = PBXFileReference; fileEncoding = 4; lastKnownFileType = sourcecode.c.objc; path = "NSDate+DateTools.m"; sourceTree = "<group>"; };
		A504C0811DB011ED006C5FBC /* PSTableCell+ColoredVK.h */ = {isa = PBXFileReference; fileEncoding = 4; lastKnownFileType = sourcecode.c.h; path = "PSTableCell+ColoredVK.h"; sourceTree = "<group>"; };
		A504C0821DB011ED006C5FBC /* PSTableCell+ColoredVK.m */ = {isa = PBXFileReference; fileEncoding = 4; lastKnownFileType = sourcecode.c.objc; path = "PSTableCell+ColoredVK.m"; sourceTree = "<group>"; };
		A50731D41CD535130088EF9F /* QuartzCore.framework */ = {isa = PBXFileReference; lastKnownFileType = wrapper.framework; name = QuartzCore.framework; path = System/Library/Frameworks/QuartzCore.framework; sourceTree = SDKROOT; };
		A5079FB21CC92157005B9693 /* ColoredVK2.dylib */ = {isa = PBXFileReference; explicitFileType = "compiled.mach-o.dylib"; includeInIndex = 0; path = ColoredVK2.dylib; sourceTree = BUILT_PRODUCTS_DIR; };
		A5079FB51CC92157005B9693 /* Foundation.framework */ = {isa = PBXFileReference; lastKnownFileType = wrapper.framework; name = Foundation.framework; path = System/Library/Frameworks/Foundation.framework; sourceTree = SDKROOT; };
		A5079FCA1CC9261B005B9693 /* UIKit.framework */ = {isa = PBXFileReference; lastKnownFileType = wrapper.framework; name = UIKit.framework; path = System/Library/Frameworks/UIKit.framework; sourceTree = SDKROOT; };
		A517D7991D78A25700DD153E /* MobileCoreServices.framework */ = {isa = PBXFileReference; lastKnownFileType = wrapper.framework; name = MobileCoreServices.framework; path = System/Library/Frameworks/MobileCoreServices.framework; sourceTree = SDKROOT; };
		A51B494E1D7C98100041D600 /* UIBarButtonItem+BlocksKit.h */ = {isa = PBXFileReference; fileEncoding = 4; lastKnownFileType = sourcecode.c.h; path = "UIBarButtonItem+BlocksKit.h"; sourceTree = "<group>"; };
		A51B494F1D7C98100041D600 /* UIBarButtonItem+BlocksKit.m */ = {isa = PBXFileReference; fileEncoding = 4; lastKnownFileType = sourcecode.c.objc; path = "UIBarButtonItem+BlocksKit.m"; sourceTree = "<group>"; };
		A51B49521D7C99580041D600 /* BKDefines.h */ = {isa = PBXFileReference; fileEncoding = 4; lastKnownFileType = sourcecode.c.h; path = BKDefines.h; sourceTree = "<group>"; };
		A525E3841D872B7A0015CA59 /* ColoredVKLicencesController.h */ = {isa = PBXFileReference; fileEncoding = 4; lastKnownFileType = sourcecode.c.h; name = ColoredVKLicencesController.h; path = ../ColoredVK/ColoredVKLicencesController.h; sourceTree = "<group>"; };
		A525E3851D872B7A0015CA59 /* ColoredVKLicencesController.m */ = {isa = PBXFileReference; fileEncoding = 4; lastKnownFileType = sourcecode.c.objc; name = ColoredVKLicencesController.m; path = ../ColoredVK/ColoredVKLicencesController.m; sourceTree = "<group>"; };
		A52743661D8ADDE20063B78F /* ColoredVKInstaller.h */ = {isa = PBXFileReference; fileEncoding = 4; lastKnownFileType = sourcecode.c.h; path = ColoredVKInstaller.h; sourceTree = "<group>"; };
		A52743671D8ADDE20063B78F /* ColoredVKInstaller.m */ = {isa = PBXFileReference; fileEncoding = 4; lastKnownFileType = sourcecode.c.objc; path = ColoredVKInstaller.m; sourceTree = "<group>"; };
		A5372DDC1CCB9ABE00EC57D2 /* ColoredVKPrefs.h */ = {isa = PBXFileReference; fileEncoding = 4; lastKnownFileType = sourcecode.c.h; name = ColoredVKPrefs.h; path = ../ColoredVK/ColoredVKPrefs.h; sourceTree = "<group>"; };
		A5372DDD1CCB9ABE00EC57D2 /* ColoredVKPrefs.m */ = {isa = PBXFileReference; fileEncoding = 4; lastKnownFileType = sourcecode.c.objc; lineEnding = 0; name = ColoredVKPrefs.m; path = ../ColoredVK/ColoredVKPrefs.m; sourceTree = "<group>"; };
		A5372DF81CCBC8E700EC57D2 /* ColoredVKColorPicker.h */ = {isa = PBXFileReference; fileEncoding = 4; lastKnownFileType = sourcecode.c.h; name = ColoredVKColorPicker.h; path = ../ColoredVK/ColoredVKColorPicker.h; sourceTree = "<group>"; };
		A5372DF91CCBC8E700EC57D2 /* ColoredVKColorPicker.m */ = {isa = PBXFileReference; fileEncoding = 4; lastKnownFileType = sourcecode.c.objc; name = ColoredVKColorPicker.m; path = ../ColoredVK/ColoredVKColorPicker.m; sourceTree = "<group>"; };
		A53951AD1D454B4700C842F7 /* ColoredVK2.plist */ = {isa = PBXFileReference; lastKnownFileType = text.plist; name = ColoredVK2.plist; path = Package/Library/PreferenceLoader/Preferences/ColoredVK2.plist; sourceTree = "<group>"; };
		A53BFBCB1D8573960071D9A2 /* NSData+AES.h */ = {isa = PBXFileReference; fileEncoding = 4; lastKnownFileType = sourcecode.c.h; path = "NSData+AES.h"; sourceTree = "<group>"; };
		A53BFBCC1D8573960071D9A2 /* NSData+AES.m */ = {isa = PBXFileReference; fileEncoding = 4; lastKnownFileType = sourcecode.c.objc; path = "NSData+AES.m"; sourceTree = "<group>"; };
		A53D11D71D462022009567B5 /* Preferences.framework */ = {isa = PBXFileReference; lastKnownFileType = wrapper.framework; path = Preferences.framework; sourceTree = "<group>"; };
		A53D12641D46241A009567B5 /* Preferences.h */ = {isa = PBXFileReference; fileEncoding = 4; lastKnownFileType = sourcecode.c.h; path = Preferences.h; sourceTree = "<group>"; };
		A53D12651D46241A009567B5 /* PreferencesAppController.h */ = {isa = PBXFileReference; fileEncoding = 4; lastKnownFileType = sourcecode.c.h; path = PreferencesAppController.h; sourceTree = "<group>"; };
		A53D12661D46241A009567B5 /* PSBundleController.h */ = {isa = PBXFileReference; fileEncoding = 4; lastKnownFileType = sourcecode.c.h; path = PSBundleController.h; sourceTree = "<group>"; };
		A53D12671D46241A009567B5 /* PSControlTableCell.h */ = {isa = PBXFileReference; fileEncoding = 4; lastKnownFileType = sourcecode.c.h; path = PSControlTableCell.h; sourceTree = "<group>"; };
		A53D12681D46241A009567B5 /* PSDiscreteSlider.h */ = {isa = PBXFileReference; fileEncoding = 4; lastKnownFileType = sourcecode.c.h; path = PSDiscreteSlider.h; sourceTree = "<group>"; };
		A53D12691D46241A009567B5 /* PSEditableTableCell.h */ = {isa = PBXFileReference; fileEncoding = 4; lastKnownFileType = sourcecode.c.h; path = PSEditableTableCell.h; sourceTree = "<group>"; };
		A53D126A1D46241A009567B5 /* PSHeaderFooterView.h */ = {isa = PBXFileReference; fileEncoding = 4; lastKnownFileType = sourcecode.c.h; path = PSHeaderFooterView.h; sourceTree = "<group>"; };
		A53D126B1D46241A009567B5 /* PSListController.h */ = {isa = PBXFileReference; fileEncoding = 4; lastKnownFileType = sourcecode.c.h; path = PSListController.h; sourceTree = "<group>"; };
		A53D126C1D46241A009567B5 /* PSListItemsController.h */ = {isa = PBXFileReference; fileEncoding = 4; lastKnownFileType = sourcecode.c.h; path = PSListItemsController.h; sourceTree = "<group>"; };
		A53D126D1D46241A009567B5 /* PSRootController.h */ = {isa = PBXFileReference; fileEncoding = 4; lastKnownFileType = sourcecode.c.h; path = PSRootController.h; sourceTree = "<group>"; };
		A53D126E1D46241A009567B5 /* PSSliderTableCell.h */ = {isa = PBXFileReference; fileEncoding = 4; lastKnownFileType = sourcecode.c.h; path = PSSliderTableCell.h; sourceTree = "<group>"; };
		A53D126F1D46241A009567B5 /* PSSpecifier.h */ = {isa = PBXFileReference; fileEncoding = 4; lastKnownFileType = sourcecode.c.h; path = PSSpecifier.h; sourceTree = "<group>"; };
		A53D12701D46241A009567B5 /* PSSwitchTableCell.h */ = {isa = PBXFileReference; fileEncoding = 4; lastKnownFileType = sourcecode.c.h; path = PSSwitchTableCell.h; sourceTree = "<group>"; };
		A53D12711D46241A009567B5 /* PSTableCell.h */ = {isa = PBXFileReference; fileEncoding = 4; lastKnownFileType = sourcecode.c.h; path = PSTableCell.h; sourceTree = "<group>"; };
		A53D12721D46241A009567B5 /* PSViewController.h */ = {isa = PBXFileReference; fileEncoding = 4; lastKnownFileType = sourcecode.c.h; path = PSViewController.h; sourceTree = "<group>"; };
		A53D12911D467016009567B5 /* PrefixHeader.h */ = {isa = PBXFileReference; fileEncoding = 4; lastKnownFileType = sourcecode.c.h; path = PrefixHeader.h; sourceTree = SOURCE_ROOT; };
		A53D91961CCA82B400E45A49 /* Tweak.m */ = {isa = PBXFileReference; fileEncoding = 4; lastKnownFileType = sourcecode.c.objc; path = Tweak.m; sourceTree = "<group>"; };
		A53D91991CCA82B400E45A49 /* VKMethods.h */ = {isa = PBXFileReference; fileEncoding = 4; lastKnownFileType = sourcecode.c.h; path = VKMethods.h; sourceTree = "<group>"; };
		A55F5FFD1D3B81270099BE4F /* KLCPopup.h */ = {isa = PBXFileReference; fileEncoding = 4; lastKnownFileType = sourcecode.c.h; path = KLCPopup.h; sourceTree = "<group>"; };
		A55F5FFE1D3B81270099BE4F /* KLCPopup.m */ = {isa = PBXFileReference; fileEncoding = 4; lastKnownFileType = sourcecode.c.objc; path = KLCPopup.m; sourceTree = "<group>"; };
		A5771EFA1CCE50BD002FF676 /* ColoredVKImageCell.h */ = {isa = PBXFileReference; fileEncoding = 4; lastKnownFileType = sourcecode.c.h; name = ColoredVKImageCell.h; path = ../ColoredVK/ColoredVKImageCell.h; sourceTree = "<group>"; };
		A5771EFB1CCE50BD002FF676 /* ColoredVKImageCell.m */ = {isa = PBXFileReference; fileEncoding = 4; lastKnownFileType = sourcecode.c.objc; name = ColoredVKImageCell.m; path = ../ColoredVK/ColoredVKImageCell.m; sourceTree = "<group>"; };
		A58732FD1D1E960D003A2807 /* ColoredVKStepperPrefsCell.m */ = {isa = PBXFileReference; fileEncoding = 4; lastKnownFileType = sourcecode.c.objc; name = ColoredVKStepperPrefsCell.m; path = ../ColoredVK/ColoredVKStepperPrefsCell.m; sourceTree = "<group>"; };
		A58732FE1D1E960D003A2807 /* ColoredVKStepperPrefsCell.h */ = {isa = PBXFileReference; fileEncoding = 4; lastKnownFileType = sourcecode.c.h; name = ColoredVKStepperPrefsCell.h; path = ../ColoredVK/ColoredVKStepperPrefsCell.h; sourceTree = "<group>"; };
		A58F34101D5A378100838814 /* UIColor+ColoredVK.m */ = {isa = PBXFileReference; fileEncoding = 4; lastKnownFileType = sourcecode.c.objc; path = "UIColor+ColoredVK.m"; sourceTree = "<group>"; };
		A58F34111D5A378100838814 /* UIColor+ColoredVK.h */ = {isa = PBXFileReference; fileEncoding = 4; lastKnownFileType = sourcecode.c.h; path = "UIColor+ColoredVK.h"; sourceTree = "<group>"; };
		A58F34121D5A378100838814 /* NSString+ColoredVK.m */ = {isa = PBXFileReference; fileEncoding = 4; lastKnownFileType = sourcecode.c.objc; path = "NSString+ColoredVK.m"; sourceTree = "<group>"; };
		A58F34131D5A378100838814 /* NSString+ColoredVK.h */ = {isa = PBXFileReference; fileEncoding = 4; lastKnownFileType = sourcecode.c.h; path = "NSString+ColoredVK.h"; sourceTree = "<group>"; };
		A58F341C1D5A3BBA00838814 /* UIImage+ColoredVK.h */ = {isa = PBXFileReference; fileEncoding = 4; lastKnownFileType = sourcecode.c.h; path = "UIImage+ColoredVK.h"; sourceTree = "<group>"; };
		A58F341D1D5A3BBA00838814 /* UIImage+ColoredVK.m */ = {isa = PBXFileReference; fileEncoding = 4; lastKnownFileType = sourcecode.c.objc; path = "UIImage+ColoredVK.m"; sourceTree = "<group>"; };
		A5ADE9081DA7DDC700673F1A /* HRBrightnessCursor.h */ = {isa = PBXFileReference; fileEncoding = 4; lastKnownFileType = sourcecode.c.h; path = HRBrightnessCursor.h; sourceTree = "<group>"; };
		A5ADE9091DA7DDC700673F1A /* HRBrightnessCursor.m */ = {isa = PBXFileReference; fileEncoding = 4; lastKnownFileType = sourcecode.c.objc; path = HRBrightnessCursor.m; sourceTree = "<group>"; };
		A5ADE90A1DA7DDC700673F1A /* HRBrightnessSlider.h */ = {isa = PBXFileReference; fileEncoding = 4; lastKnownFileType = sourcecode.c.h; path = HRBrightnessSlider.h; sourceTree = "<group>"; };
		A5ADE90B1DA7DDC700673F1A /* HRBrightnessSlider.m */ = {isa = PBXFileReference; fileEncoding = 4; lastKnownFileType = sourcecode.c.objc; path = HRBrightnessSlider.m; sourceTree = "<group>"; };
		A5ADE90C1DA7DDC700673F1A /* HRColorCursor.h */ = {isa = PBXFileReference; fileEncoding = 4; lastKnownFileType = sourcecode.c.h; path = HRColorCursor.h; sourceTree = "<group>"; };
		A5ADE90D1DA7DDC700673F1A /* HRColorCursor.m */ = {isa = PBXFileReference; fileEncoding = 4; lastKnownFileType = sourcecode.c.objc; path = HRColorCursor.m; sourceTree = "<group>"; };
		A5ADE90E1DA7DDC700673F1A /* HRColorInfoView.h */ = {isa = PBXFileReference; fileEncoding = 4; lastKnownFileType = sourcecode.c.h; path = HRColorInfoView.h; sourceTree = "<group>"; };
		A5ADE90F1DA7DDC700673F1A /* HRColorInfoView.m */ = {isa = PBXFileReference; fileEncoding = 4; lastKnownFileType = sourcecode.c.objc; path = HRColorInfoView.m; sourceTree = "<group>"; };
		A5ADE9101DA7DDC700673F1A /* HRColorMapView.h */ = {isa = PBXFileReference; fileEncoding = 4; lastKnownFileType = sourcecode.c.h; path = HRColorMapView.h; sourceTree = "<group>"; };
		A5ADE9111DA7DDC700673F1A /* HRColorMapView.m */ = {isa = PBXFileReference; fileEncoding = 4; lastKnownFileType = sourcecode.c.objc; path = HRColorMapView.m; sourceTree = "<group>"; };
		A5ADE9121DA7DDC700673F1A /* HRHSVColorUtil.h */ = {isa = PBXFileReference; fileEncoding = 4; lastKnownFileType = sourcecode.c.h; path = HRHSVColorUtil.h; sourceTree = "<group>"; };
		A5ADE9131DA7DDC700673F1A /* HRHSVColorUtil.m */ = {isa = PBXFileReference; fileEncoding = 4; lastKnownFileType = sourcecode.c.objc; path = HRHSVColorUtil.m; sourceTree = "<group>"; };
		A5ADE9141DA7DDC700673F1A /* UIImage+CoreGraphics.h */ = {isa = PBXFileReference; fileEncoding = 4; lastKnownFileType = sourcecode.c.h; path = "UIImage+CoreGraphics.h"; sourceTree = "<group>"; };
		A5ADE9151DA7DDC700673F1A /* UIImage+CoreGraphics.m */ = {isa = PBXFileReference; fileEncoding = 4; lastKnownFileType = sourcecode.c.objc; path = "UIImage+CoreGraphics.m"; sourceTree = "<group>"; };
		A5B6ED061D3D659800383425 /* ColoredVK2.bundle */ = {isa = PBXFileReference; explicitFileType = wrapper.cfbundle; includeInIndex = 0; path = ColoredVK2.bundle; sourceTree = BUILT_PRODUCTS_DIR; };
		A5B6ED0E1D3D659800383425 /* control */ = {isa = PBXFileReference; lastKnownFileType = text; name = control; path = Package/DEBIAN/control; sourceTree = "<group>"; };
		A5B6ED691D3D703600383425 /* ColoredVK.bundle */ = {isa = PBXFileReference; lastKnownFileType = "wrapper.plug-in"; path = ColoredVK.bundle; sourceTree = "<group>"; };
		A5D84BFE1CCFF312000C13B9 /* UIImage+ResizeMagick.h */ = {isa = PBXFileReference; fileEncoding = 4; lastKnownFileType = sourcecode.c.h; path = "UIImage+ResizeMagick.h"; sourceTree = "<group>"; };
		A5D84BFF1CCFF312000C13B9 /* UIImage+ResizeMagick.m */ = {isa = PBXFileReference; fileEncoding = 4; lastKnownFileType = sourcecode.c.objc; path = "UIImage+ResizeMagick.m"; sourceTree = "<group>"; };
		A5D979931DAEB96500607F06 /* ColoredVKHeader.h */ = {isa = PBXFileReference; lastKnownFileType = sourcecode.c.h; path = ColoredVKHeader.h; sourceTree = "<group>"; };
		A5D979941DAEB96500607F06 /* ColoredVKHeader.m */ = {isa = PBXFileReference; lastKnownFileType = sourcecode.c.objc; path = ColoredVKHeader.m; sourceTree = "<group>"; };
		A5D9799D1DAEB96500607F06 /* ColoredVKPrefsController.h */ = {isa = PBXFileReference; lastKnownFileType = sourcecode.c.h; path = ColoredVKPrefsController.h; sourceTree = "<group>"; };
		A5D9799E1DAEB96500607F06 /* ColoredVKPrefsController.m */ = {isa = PBXFileReference; lastKnownFileType = sourcecode.c.objc; path = ColoredVKPrefsController.m; sourceTree = "<group>"; };
		A5D979A41DAEBA1000607F06 /* Images.xcassets */ = {isa = PBXFileReference; lastKnownFileType = folder.assetcatalog; path = Images.xcassets; sourceTree = "<group>"; };
		A5D979B31DAEBDF800607F06 /* Main.storyboard */ = {isa = PBXFileReference; fileEncoding = 4; lastKnownFileType = file.storyboard; path = Main.storyboard; sourceTree = "<group>"; };
		A5DA87BE1D944E1000763B5F /* LHAcvitityIndicator.h */ = {isa = PBXFileReference; fileEncoding = 4; lastKnownFileType = sourcecode.c.h; path = LHAcvitityIndicator.h; sourceTree = "<group>"; };
		A5DA87BF1D944E1000763B5F /* LHAcvitityIndicator.m */ = {isa = PBXFileReference; fileEncoding = 4; lastKnownFileType = sourcecode.c.objc; path = LHAcvitityIndicator.m; sourceTree = "<group>"; };
		A5DA87C01D944E1000763B5F /* LHBackgroundView.h */ = {isa = PBXFileReference; fileEncoding = 4; lastKnownFileType = sourcecode.c.h; path = LHBackgroundView.h; sourceTree = "<group>"; };
		A5DA87C11D944E1000763B5F /* LHBackgroundView.m */ = {isa = PBXFileReference; fileEncoding = 4; lastKnownFileType = sourcecode.c.objc; path = LHBackgroundView.m; sourceTree = "<group>"; };
		A5DA87C21D944E1000763B5F /* LHGifImageView.h */ = {isa = PBXFileReference; fileEncoding = 4; lastKnownFileType = sourcecode.c.h; path = LHGifImageView.h; sourceTree = "<group>"; };
		A5DA87C31D944E1000763B5F /* LHGifImageView.m */ = {isa = PBXFileReference; fileEncoding = 4; lastKnownFileType = sourcecode.c.objc; path = LHGifImageView.m; sourceTree = "<group>"; };
		A5DA87C41D944E1000763B5F /* LHProgressHUD.h */ = {isa = PBXFileReference; fileEncoding = 4; lastKnownFileType = sourcecode.c.h; path = LHProgressHUD.h; sourceTree = "<group>"; };
		A5DA87C51D944E1000763B5F /* LHProgressHUD.m */ = {isa = PBXFileReference; fileEncoding = 4; lastKnownFileType = sourcecode.c.objc; path = LHProgressHUD.m; sourceTree = "<group>"; };
		A5DA87C61D944E1000763B5F /* UIImage+LHProgressHUD.h */ = {isa = PBXFileReference; fileEncoding = 4; lastKnownFileType = sourcecode.c.h; path = "UIImage+LHProgressHUD.h"; sourceTree = "<group>"; };
		A5DA87C71D944E1000763B5F /* UIImage+LHProgressHUD.m */ = {isa = PBXFileReference; fileEncoding = 4; lastKnownFileType = sourcecode.c.objc; path = "UIImage+LHProgressHUD.m"; sourceTree = "<group>"; };
		A5DA87DD1D944EAC00763B5F /* ImageIO.framework */ = {isa = PBXFileReference; lastKnownFileType = wrapper.framework; name = ImageIO.framework; path = System/Library/Frameworks/ImageIO.framework; sourceTree = SDKROOT; };
		A5DA87E01D944ECE00763B5F /* CoreGraphics.framework */ = {isa = PBXFileReference; lastKnownFileType = wrapper.framework; name = CoreGraphics.framework; path = System/Library/Frameworks/CoreGraphics.framework; sourceTree = SDKROOT; };
		A5DC150A1CCC03E1004D6731 /* ColoredVKColorCell.h */ = {isa = PBXFileReference; fileEncoding = 4; lastKnownFileType = sourcecode.c.h; name = ColoredVKColorCell.h; path = ../ColoredVK/ColoredVKColorCell.h; sourceTree = "<group>"; };
		A5DC150B1CCC03E1004D6731 /* ColoredVKColorCell.m */ = {isa = PBXFileReference; fileEncoding = 4; lastKnownFileType = sourcecode.c.objc; name = ColoredVKColorCell.m; path = ../ColoredVK/ColoredVKColorCell.m; sourceTree = "<group>"; };
		A5EB1CC91D85418500C97A91 /* libMobileGestaltExtensions.tbd */ = {isa = PBXFileReference; lastKnownFileType = "sourcecode.text-based-dylib-definition"; name = libMobileGestaltExtensions.tbd; path = usr/lib/libMobileGestaltExtensions.tbd; sourceTree = SDKROOT; };
/* End PBXFileReference section */

/* Begin PBXFrameworksBuildPhase section */
		A5079FAE1CC92157005B9693 /* Frameworks */ = {
			isa = PBXFrameworksBuildPhase;
			buildActionMask = 2147483647;
			files = (
				A5D979721DAEB8BC00607F06 /* CoreGraphics.framework in Frameworks */,
				A5DA87DF1D944EB700763B5F /* ImageIO.framework in Frameworks */,
				A5EB1CCA1D85418500C97A91 /* libMobileGestaltExtensions.tbd in Frameworks */,
				A50311E41D853E800075B177 /* libMobileGestalt.tbd in Frameworks */,
				A517D79A1D78A25700DD153E /* MobileCoreServices.framework in Frameworks */,
				A50731D51CD535130088EF9F /* QuartzCore.framework in Frameworks */,
				A5079FCB1CC9261B005B9693 /* UIKit.framework in Frameworks */,
				A53D11D81D462022009567B5 /* Preferences.framework in Frameworks */,
				A5079FB61CC92157005B9693 /* Foundation.framework in Frameworks */,
			);
			runOnlyForDeploymentPostprocessing = 0;
		};
		A5B6ED021D3D659800383425 /* Frameworks */ = {
			isa = PBXFrameworksBuildPhase;
			buildActionMask = 2147483647;
			files = (
				A5D0A2A01DB270EC00720E41 /* libMobileGestalt.tbd in Frameworks */,
				A5DA87E21D944ED400763B5F /* CoreGraphics.framework in Frameworks */,
				A5DA87DE1D944EAC00763B5F /* ImageIO.framework in Frameworks */,
				A50FFD121D79D4C600482500 /* MobileCoreServices.framework in Frameworks */,
				A5B6ED451D3D68F000383425 /* QuartzCore.framework in Frameworks */,
				A5B6ED071D3D659800383425 /* Foundation.framework in Frameworks */,
				A53D11D91D462022009567B5 /* Preferences.framework in Frameworks */,
				A5B6ED081D3D659800383425 /* UIKit.framework in Frameworks */,
			);
			runOnlyForDeploymentPostprocessing = 0;
		};
/* End PBXFrameworksBuildPhase section */

/* Begin PBXGroup section */
		A504C05B1DAFE1B0006C5FBC /* MobileSubstrate */ = {
			isa = PBXGroup;
			children = (
				A504C05C1DAFE1B0006C5FBC /* DynamicLibraries */,
			);
			name = MobileSubstrate;
			path = Package/Library/MobileSubstrate;
			sourceTree = "<group>";
		};
		A504C05C1DAFE1B0006C5FBC /* DynamicLibraries */ = {
			isa = PBXGroup;
			children = (
			);
			path = DynamicLibraries;
			sourceTree = "<group>";
		};
		A504C05D1DAFE1B0006C5FBC /* PreferenceBundles */ = {
			isa = PBXGroup;
			children = (
			);
			name = PreferenceBundles;
			path = Package/Library/PreferenceBundles;
			sourceTree = "<group>";
		};
		A504C0621DAFE839006C5FBC /* DateTools */ = {
			isa = PBXGroup;
			children = (
				A504C0641DAFE839006C5FBC /* DTConstants.h */,
				A504C0651DAFE839006C5FBC /* DTConstants.m */,
				A504C0701DAFE839006C5FBC /* NSDate+DateTools.h */,
				A504C0711DAFE839006C5FBC /* NSDate+DateTools.m */,
			);
			path = DateTools;
			sourceTree = "<group>";
		};
		A5079FA81CC92157005B9693 = {
			isa = PBXGroup;
			children = (
				A5B6ED691D3D703600383425 /* ColoredVK.bundle */,
				A53D91941CCA82B400E45A49 /* ColoredVK */,
				A5B6ED0A1D3D659800383425 /* ColoredVK-Prefs */,
				A5079FB41CC92157005B9693 /* Frameworks */,
				A5079FB31CC92157005B9693 /* Products */,
			);
			sourceTree = "<group>";
		};
		A5079FB31CC92157005B9693 /* Products */ = {
			isa = PBXGroup;
			children = (
				A5079FB21CC92157005B9693 /* ColoredVK2.dylib */,
				A5B6ED061D3D659800383425 /* ColoredVK2.bundle */,
			);
			name = Products;
			sourceTree = "<group>";
		};
		A5079FB41CC92157005B9693 /* Frameworks */ = {
			isa = PBXGroup;
			children = (
				A5DA87E01D944ECE00763B5F /* CoreGraphics.framework */,
				A5DA87DD1D944EAC00763B5F /* ImageIO.framework */,
				A5EB1CC91D85418500C97A91 /* libMobileGestaltExtensions.tbd */,
				A50311E31D853E800075B177 /* libMobileGestalt.tbd */,
				A517D7991D78A25700DD153E /* MobileCoreServices.framework */,
				A53D12631D46241A009567B5 /* Preferences */,
				A53D11D71D462022009567B5 /* Preferences.framework */,
				A50731D41CD535130088EF9F /* QuartzCore.framework */,
				A5079FCA1CC9261B005B9693 /* UIKit.framework */,
				A5079FB51CC92157005B9693 /* Foundation.framework */,
			);
			name = Frameworks;
			sourceTree = "<group>";
		};
		A53BFBCA1D8573960071D9A2 /* AES */ = {
			isa = PBXGroup;
			children = (
				A53BFBCB1D8573960071D9A2 /* NSData+AES.h */,
				A53BFBCC1D8573960071D9A2 /* NSData+AES.m */,
			);
			path = AES;
			sourceTree = "<group>";
		};
		A53D12631D46241A009567B5 /* Preferences */ = {
			isa = PBXGroup;
			children = (
				A53D12641D46241A009567B5 /* Preferences.h */,
				A53D12651D46241A009567B5 /* PreferencesAppController.h */,
				A53D12661D46241A009567B5 /* PSBundleController.h */,
				A53D12671D46241A009567B5 /* PSControlTableCell.h */,
				A53D12681D46241A009567B5 /* PSDiscreteSlider.h */,
				A53D12691D46241A009567B5 /* PSEditableTableCell.h */,
				A53D126A1D46241A009567B5 /* PSHeaderFooterView.h */,
				A53D126B1D46241A009567B5 /* PSListController.h */,
				A53D126C1D46241A009567B5 /* PSListItemsController.h */,
				A53D126D1D46241A009567B5 /* PSRootController.h */,
				A53D126E1D46241A009567B5 /* PSSliderTableCell.h */,
				A53D126F1D46241A009567B5 /* PSSpecifier.h */,
				A53D12701D46241A009567B5 /* PSSwitchTableCell.h */,
				A53D12711D46241A009567B5 /* PSTableCell.h */,
				A53D12721D46241A009567B5 /* PSViewController.h */,
			);
			path = Preferences;
			sourceTree = "<group>";
		};
		A53D91941CCA82B400E45A49 /* ColoredVK */ = {
			isa = PBXGroup;
			children = (
				A53D12911D467016009567B5 /* PrefixHeader.h */,
				A53D91961CCA82B400E45A49 /* Tweak.m */,
				A52743661D8ADDE20063B78F /* ColoredVKInstaller.h */,
				A52743671D8ADDE20063B78F /* ColoredVKInstaller.m */,
				A53D919D1CCA82C000E45A49 /* Supporting Files */,
			);
			path = ColoredVK;
			sourceTree = "<group>";
		};
		A53D919D1CCA82C000E45A49 /* Supporting Files */ = {
			isa = PBXGroup;
			children = (
				A5D84BFD1CCFF312000C13B9 /* UIImage-ResizeMagick */,
				A53BFBCA1D8573960071D9A2 /* AES */,
				A51B49521D7C99580041D600 /* BKDefines.h */,
				A51B494E1D7C98100041D600 /* UIBarButtonItem+BlocksKit.h */,
				A51B494F1D7C98100041D600 /* UIBarButtonItem+BlocksKit.m */,
				A58F341C1D5A3BBA00838814 /* UIImage+ColoredVK.h */,
				A58F341D1D5A3BBA00838814 /* UIImage+ColoredVK.m */,
				A58F34111D5A378100838814 /* UIColor+ColoredVK.h */,
				A58F34101D5A378100838814 /* UIColor+ColoredVK.m */,
				A58F34131D5A378100838814 /* NSString+ColoredVK.h */,
				A58F34121D5A378100838814 /* NSString+ColoredVK.m */,
				A53D91991CCA82B400E45A49 /* VKMethods.h */,
			);
			name = "Supporting Files";
			sourceTree = "<group>";
		};
		A55F5FFC1D3B81270099BE4F /* KLCPopup */ = {
			isa = PBXGroup;
			children = (
				A55F5FFD1D3B81270099BE4F /* KLCPopup.h */,
				A55F5FFE1D3B81270099BE4F /* KLCPopup.m */,
			);
			name = KLCPopup;
			path = ../ColoredVK/KLCPopup;
			sourceTree = "<group>";
		};
		A5ADE9071DA7DDC700673F1A /* HRColorPicker */ = {
			isa = PBXGroup;
			children = (
				A5ADE9081DA7DDC700673F1A /* HRBrightnessCursor.h */,
				A5ADE9091DA7DDC700673F1A /* HRBrightnessCursor.m */,
				A5ADE90A1DA7DDC700673F1A /* HRBrightnessSlider.h */,
				A5ADE90B1DA7DDC700673F1A /* HRBrightnessSlider.m */,
				A5ADE90C1DA7DDC700673F1A /* HRColorCursor.h */,
				A5ADE90D1DA7DDC700673F1A /* HRColorCursor.m */,
				A5ADE90E1DA7DDC700673F1A /* HRColorInfoView.h */,
				A5ADE90F1DA7DDC700673F1A /* HRColorInfoView.m */,
				A5ADE9101DA7DDC700673F1A /* HRColorMapView.h */,
				A5ADE9111DA7DDC700673F1A /* HRColorMapView.m */,
				A5ADE9121DA7DDC700673F1A /* HRHSVColorUtil.h */,
				A5ADE9131DA7DDC700673F1A /* HRHSVColorUtil.m */,
				A5ADE9141DA7DDC700673F1A /* UIImage+CoreGraphics.h */,
				A5ADE9151DA7DDC700673F1A /* UIImage+CoreGraphics.m */,
			);
			name = HRColorPicker;
			path = ../ColoredVK/HRColorPicker;
			sourceTree = "<group>";
		};
		A5B6ED0A1D3D659800383425 /* ColoredVK-Prefs */ = {
			isa = PBXGroup;
			children = (
				A5D9799D1DAEB96500607F06 /* ColoredVKPrefsController.h */,
				A5D9799E1DAEB96500607F06 /* ColoredVKPrefsController.m */,
				A5D979931DAEB96500607F06 /* ColoredVKHeader.h */,
				A5D979941DAEB96500607F06 /* ColoredVKHeader.m */,
				A5372DDC1CCB9ABE00EC57D2 /* ColoredVKPrefs.h */,
				A5372DDD1CCB9ABE00EC57D2 /* ColoredVKPrefs.m */,
				A5372DF81CCBC8E700EC57D2 /* ColoredVKColorPicker.h */,
				A5372DF91CCBC8E700EC57D2 /* ColoredVKColorPicker.m */,
				A5DC150A1CCC03E1004D6731 /* ColoredVKColorCell.h */,
				A5DC150B1CCC03E1004D6731 /* ColoredVKColorCell.m */,
				A5771EFA1CCE50BD002FF676 /* ColoredVKImageCell.h */,
				A5771EFB1CCE50BD002FF676 /* ColoredVKImageCell.m */,
				A58732FE1D1E960D003A2807 /* ColoredVKStepperPrefsCell.h */,
				A58732FD1D1E960D003A2807 /* ColoredVKStepperPrefsCell.m */,
				A504C0811DB011ED006C5FBC /* PSTableCell+ColoredVK.h */,
				A504C0821DB011ED006C5FBC /* PSTableCell+ColoredVK.m */,
				A525E3841D872B7A0015CA59 /* ColoredVKLicencesController.h */,
				A525E3851D872B7A0015CA59 /* ColoredVKLicencesController.m */,
				A5D979B31DAEBDF800607F06 /* Main.storyboard */,
				A5D979A41DAEBA1000607F06 /* Images.xcassets */,
				A5DD93FE1D3E0F560006E470 /* Supporting Files */,
			);
			path = "ColoredVK-Prefs";
			sourceTree = "<group>";
		};
		A5B6ED0B1D3D659800383425 /* Package */ = {
			isa = PBXGroup;
			children = (
				A5B6ED0C1D3D659800383425 /* DEBIAN */,
				A5B6ED161D3D659800383425 /* Library */,
			);
			name = Package;
			sourceTree = "<group>";
		};
		A5B6ED0C1D3D659800383425 /* DEBIAN */ = {
			isa = PBXGroup;
			children = (
				A5B6ED0E1D3D659800383425 /* control */,
			);
			name = DEBIAN;
			sourceTree = "<group>";
		};
		A5B6ED161D3D659800383425 /* Library */ = {
			isa = PBXGroup;
			children = (
				A504C05B1DAFE1B0006C5FBC /* MobileSubstrate */,
				A504C05D1DAFE1B0006C5FBC /* PreferenceBundles */,
				A5B6ED171D3D659800383425 /* PreferenceLoader */,
			);
			name = Library;
			sourceTree = "<group>";
		};
		A5B6ED171D3D659800383425 /* PreferenceLoader */ = {
			isa = PBXGroup;
			children = (
				A5B6ED181D3D659800383425 /* Preferences */,
			);
			name = PreferenceLoader;
			sourceTree = "<group>";
		};
		A5B6ED181D3D659800383425 /* Preferences */ = {
			isa = PBXGroup;
			children = (
				A53951AD1D454B4700C842F7 /* ColoredVK2.plist */,
			);
			name = Preferences;
			sourceTree = "<group>";
		};
		A5D84BFD1CCFF312000C13B9 /* UIImage-ResizeMagick */ = {
			isa = PBXGroup;
			children = (
				A5D84BFE1CCFF312000C13B9 /* UIImage+ResizeMagick.h */,
				A5D84BFF1CCFF312000C13B9 /* UIImage+ResizeMagick.m */,
			);
			path = "UIImage-ResizeMagick";
			sourceTree = "<group>";
		};
		A5DA87BC1D944E0F00763B5F /* LHProgressHUD */ = {
			isa = PBXGroup;
			children = (
				A5DA87BE1D944E1000763B5F /* LHAcvitityIndicator.h */,
				A5DA87BF1D944E1000763B5F /* LHAcvitityIndicator.m */,
				A5DA87C01D944E1000763B5F /* LHBackgroundView.h */,
				A5DA87C11D944E1000763B5F /* LHBackgroundView.m */,
				A5DA87C21D944E1000763B5F /* LHGifImageView.h */,
				A5DA87C31D944E1000763B5F /* LHGifImageView.m */,
				A5DA87C41D944E1000763B5F /* LHProgressHUD.h */,
				A5DA87C51D944E1000763B5F /* LHProgressHUD.m */,
				A5DA87C61D944E1000763B5F /* UIImage+LHProgressHUD.h */,
				A5DA87C71D944E1000763B5F /* UIImage+LHProgressHUD.m */,
			);
			name = LHProgressHUD;
			path = ../ColoredVK/LHProgressHUD;
			sourceTree = "<group>";
		};
		A5DD93FE1D3E0F560006E470 /* Supporting Files */ = {
			isa = PBXGroup;
			children = (
				A504C0621DAFE839006C5FBC /* DateTools */,
				A55F5FFC1D3B81270099BE4F /* KLCPopup */,
				A5ADE9071DA7DDC700673F1A /* HRColorPicker */,
				A5DA87BC1D944E0F00763B5F /* LHProgressHUD */,
				A5B6ED0B1D3D659800383425 /* Package */,
			);
			name = "Supporting Files";
			sourceTree = "<group>";
		};
/* End PBXGroup section */

/* Begin PBXHeadersBuildPhase section */
		A5079FAF1CC92157005B9693 /* Headers */ = {
			isa = PBXHeadersBuildPhase;
			buildActionMask = 2147483647;
			files = (
				A5D979711DAEB8A700607F06 /* UIImage+ResizeMagick.h in Headers */,
				A5D979691DAEB88F00607F06 /* PrefixHeader.h in Headers */,
				A5D9796A1DAEB88F00607F06 /* ColoredVKInstaller.h in Headers */,
				A50D222E1DB16572007F195C /* NSDate+DateTools.h in Headers */,
				A5D9796B1DAEB88F00607F06 /* NSData+AES.h in Headers */,
				A5D9796C1DAEB88F00607F06 /* BKDefines.h in Headers */,
				A50D222C1DB16572007F195C /* DTConstants.h in Headers */,
				A5D9796D1DAEB88F00607F06 /* UIBarButtonItem+BlocksKit.h in Headers */,
				A5D9796E1DAEB88F00607F06 /* UIImage+ColoredVK.h in Headers */,
				A5D9796F1DAEB88F00607F06 /* UIColor+ColoredVK.h in Headers */,
			);
			runOnlyForDeploymentPostprocessing = 0;
		};
		A5B6ED031D3D659800383425 /* Headers */ = {
			isa = PBXHeadersBuildPhase;
			buildActionMask = 2147483647;
			files = (
				A5D979D61DAEC1E600607F06 /* ColoredVKPrefsController.h in Headers */,
				A5D979D71DAEC1E600607F06 /* ColoredVKHeader.h in Headers */,
				A5D979731DAEB8EA00607F06 /* PrefixHeader.h in Headers */,
				A5D979741DAEB8EA00607F06 /* ColoredVKPrefs.h in Headers */,
				A5D979751DAEB8EA00607F06 /* ColoredVKColorPicker.h in Headers */,
				A504C0831DB011ED006C5FBC /* PSTableCell+ColoredVK.h in Headers */,
				A5D979761DAEB8EA00607F06 /* ColoredVKColorCell.h in Headers */,
				A504C07F1DAFE839006C5FBC /* NSDate+DateTools.h in Headers */,
				A5D979771DAEB8EA00607F06 /* ColoredVKImageCell.h in Headers */,
				A5D979781DAEB8EA00607F06 /* ColoredVKStepperPrefsCell.h in Headers */,
				A5D9797B1DAEB8EA00607F06 /* ColoredVKLicencesController.h in Headers */,
				A50D222A1DB15E54007F195C /* ColoredVKInstaller.h in Headers */,
				A5D9797C1DAEB8EA00607F06 /* HRBrightnessCursor.h in Headers */,
				A5D9797D1DAEB8EA00607F06 /* HRBrightnessSlider.h in Headers */,
				A5D9797E1DAEB8EA00607F06 /* HRColorCursor.h in Headers */,
				A5D9797F1DAEB8EA00607F06 /* HRColorInfoView.h in Headers */,
				A5D979801DAEB8EA00607F06 /* HRColorMapView.h in Headers */,
				A5D979811DAEB8EA00607F06 /* HRHSVColorUtil.h in Headers */,
				A5D979821DAEB8EA00607F06 /* UIImage+CoreGraphics.h in Headers */,
				A5D979831DAEB8EA00607F06 /* LHAcvitityIndicator.h in Headers */,
				A5D979841DAEB8EA00607F06 /* LHBackgroundView.h in Headers */,
				A5D979851DAEB8EA00607F06 /* LHGifImageView.h in Headers */,
				A5D979861DAEB8EA00607F06 /* LHProgressHUD.h in Headers */,
				A5D979871DAEB8EA00607F06 /* UIImage+LHProgressHUD.h in Headers */,
				A5D979881DAEB8EA00607F06 /* UIImage+ColoredVK.h in Headers */,
				A5D979891DAEB8EA00607F06 /* UIColor+ColoredVK.h in Headers */,
				A5D9798A1DAEB8EA00607F06 /* NSString+ColoredVK.h in Headers */,
				A5D9798B1DAEB8EA00607F06 /* KLCPopup.h in Headers */,
				A504C0731DAFE839006C5FBC /* DTConstants.h in Headers */,
				A5D9798C1DAEB8EA00607F06 /* UIImage+ResizeMagick.h in Headers */,
			);
			runOnlyForDeploymentPostprocessing = 0;
		};
/* End PBXHeadersBuildPhase section */

/* Begin PBXNativeTarget section */
		A5079FB11CC92157005B9693 /* ColoredVK */ = {
			isa = PBXNativeTarget;
			buildConfigurationList = A5079FC71CC92158005B9693 /* Build configuration list for PBXNativeTarget "ColoredVK" */;
			buildPhases = (
				A5079FAD1CC92157005B9693 /* Sources */,
				A5079FAE1CC92157005B9693 /* Frameworks */,
				A5079FAF1CC92157005B9693 /* Headers */,
			);
			buildRules = (
			);
			dependencies = (
			);
			name = ColoredVK;
			productName = ColoredVK;
			productReference = A5079FB21CC92157005B9693 /* ColoredVK2.dylib */;
			productType = "com.apple.product-type.library.dynamic";
		};
		A5B6ED051D3D659800383425 /* ColoredVK-Prefs */ = {
			isa = PBXNativeTarget;
			buildConfigurationList = A5B6ED251D3D659800383425 /* Build configuration list for PBXNativeTarget "ColoredVK-Prefs" */;
			buildPhases = (
				A5B6ED031D3D659800383425 /* Headers */,
				A5B6ED011D3D659800383425 /* Sources */,
				A5B6ED021D3D659800383425 /* Frameworks */,
				A5D979B51DAEBECD00607F06 /* Resources */,
			);
			buildRules = (
			);
			dependencies = (
			);
			name = "ColoredVK-Prefs";
			productName = "ColoredVK-Prefs";
			productReference = A5B6ED061D3D659800383425 /* ColoredVK2.bundle */;
			productType = "com.apple.product-type.bundle";
		};
/* End PBXNativeTarget section */

/* Begin PBXProject section */
		A5079FA91CC92157005B9693 /* Project object */ = {
			isa = PBXProject;
			attributes = {
				CLASSPREFIX = ColoredVK;
				LastUpgradeCheck = 0800;
				TargetAttributes = {
					A5079FB11CC92157005B9693 = {
						CreatedOnToolsVersion = 7.3;
						DevelopmentTeam = VW97WHTS78;
					};
					A5B6ED051D3D659800383425 = {
						CreatedOnToolsVersion = 7.3.1;
						DevelopmentTeam = VW97WHTS78;
					};
					A5D979AB1DAEBB0E00607F06 = {
						CreatedOnToolsVersion = 8.0;
						ProvisioningStyle = Automatic;
					};
				};
			};
			buildConfigurationList = A5079FAC1CC92157005B9693 /* Build configuration list for PBXProject "ColoredVK" */;
			compatibilityVersion = "Xcode 8.0";
			developmentRegion = English;
			hasScannedForEncodings = 0;
			knownRegions = (
				en,
			);
			mainGroup = A5079FA81CC92157005B9693;
			productRefGroup = A5079FB31CC92157005B9693 /* Products */;
			projectDirPath = "";
			projectRoot = "";
			targets = (
				A5079FB11CC92157005B9693 /* ColoredVK */,
				A5B6ED051D3D659800383425 /* ColoredVK-Prefs */,
				A5D979AB1DAEBB0E00607F06 /* ColoredVK-Builder */,
			);
		};
/* End PBXProject section */

/* Begin PBXResourcesBuildPhase section */
		A5D979B51DAEBECD00607F06 /* Resources */ = {
			isa = PBXResourcesBuildPhase;
			buildActionMask = 2147483647;
			files = (
				A5D979B61DAEBED400607F06 /* Main.storyboard in Resources */,
				A5D979B71DAEBED400607F06 /* Images.xcassets in Resources */,
			);
			runOnlyForDeploymentPostprocessing = 0;
		};
/* End PBXResourcesBuildPhase section */

/* Begin PBXShellScriptBuildPhase section */
		A5D979B01DAEBB1900607F06 /* ShellScript */ = {
			isa = PBXShellScriptBuildPhase;
			buildActionMask = 2147483647;
			files = (
			);
			inputPaths = (
			);
			outputPaths = (
			);
			runOnlyForDeploymentPostprocessing = 0;
			shellPath = "/bin/sh ${PROJECT_DIR}/build.sh";
			shellScript = "";
			showEnvVarsInLog = 0;
		};
/* End PBXShellScriptBuildPhase section */

/* Begin PBXSourcesBuildPhase section */
		A5079FAD1CC92157005B9693 /* Sources */ = {
			isa = PBXSourcesBuildPhase;
			buildActionMask = 2147483647;
			files = (
				A5D979701DAEB8A200607F06 /* UIImage+ResizeMagick.m in Sources */,
				A5D979631DAEB87900607F06 /* Tweak.m in Sources */,
				A5D979641DAEB87900607F06 /* ColoredVKInstaller.m in Sources */,
				A5D979651DAEB87900607F06 /* NSData+AES.m in Sources */,
				A5D979661DAEB87900607F06 /* UIBarButtonItem+BlocksKit.m in Sources */,
				A50D222D1DB16572007F195C /* DTConstants.m in Sources */,
				A5D979671DAEB87900607F06 /* UIImage+ColoredVK.m in Sources */,
				A50D222F1DB16572007F195C /* NSDate+DateTools.m in Sources */,
				A5D979681DAEB87900607F06 /* UIColor+ColoredVK.m in Sources */,
			);
			runOnlyForDeploymentPostprocessing = 0;
		};
		A5B6ED011D3D659800383425 /* Sources */ = {
			isa = PBXSourcesBuildPhase;
			buildActionMask = 2147483647;
			files = (
				A5B871051DB811F700BFCED7 /* NSData+AES.m in Sources */,
				A5D979BB1DAEC1CB00607F06 /* HRBrightnessCursor.m in Sources */,
				A5D979BC1DAEC1CB00607F06 /* HRBrightnessSlider.m in Sources */,
				A5D979BD1DAEC1CB00607F06 /* HRColorCursor.m in Sources */,
				A5D979BE1DAEC1CB00607F06 /* HRColorInfoView.m in Sources */,
				A5D979BF1DAEC1CB00607F06 /* HRColorMapView.m in Sources */,
				A504C0741DAFE839006C5FBC /* DTConstants.m in Sources */,
				A5D979C01DAEC1CB00607F06 /* HRHSVColorUtil.m in Sources */,
				A5D979C11DAEC1CB00607F06 /* UIImage+CoreGraphics.m in Sources */,
				A5D979C21DAEC1CB00607F06 /* LHAcvitityIndicator.m in Sources */,
				A5D979C31DAEC1CB00607F06 /* LHBackgroundView.m in Sources */,
				A5D979C41DAEC1CB00607F06 /* LHGifImageView.m in Sources */,
				A5D979C51DAEC1CB00607F06 /* LHProgressHUD.m in Sources */,
				A5D979C61DAEC1CB00607F06 /* UIImage+LHProgressHUD.m in Sources */,
				A5D979C71DAEC1CB00607F06 /* UIImage+ColoredVK.m in Sources */,
				A5D979C81DAEC1CB00607F06 /* UIColor+ColoredVK.m in Sources */,
				A5D979C91DAEC1CB00607F06 /* NSString+ColoredVK.m in Sources */,
				A50D222B1DB15E54007F195C /* ColoredVKInstaller.m in Sources */,
				A5D979CA1DAEC1CB00607F06 /* KLCPopup.m in Sources */,
				A5D979CB1DAEC1CB00607F06 /* UIImage+ResizeMagick.m in Sources */,
				A5D979CC1DAEC1CB00607F06 /* ColoredVKPrefsController.m in Sources */,
				A5D979CD1DAEC1CB00607F06 /* ColoredVKHeader.m in Sources */,
				A5D979CE1DAEC1CB00607F06 /* ColoredVKPrefs.m in Sources */,
				A5D979CF1DAEC1CB00607F06 /* ColoredVKColorPicker.m in Sources */,
				A5D979D01DAEC1CB00607F06 /* ColoredVKColorCell.m in Sources */,
				A5D979D11DAEC1CB00607F06 /* ColoredVKImageCell.m in Sources */,
				A504C0841DB011ED006C5FBC /* PSTableCell+ColoredVK.m in Sources */,
				A5D979D21DAEC1CB00607F06 /* ColoredVKStepperPrefsCell.m in Sources */,
				A504C0801DAFE839006C5FBC /* NSDate+DateTools.m in Sources */,
				A5D979D51DAEC1CB00607F06 /* ColoredVKLicencesController.m in Sources */,
			);
			runOnlyForDeploymentPostprocessing = 0;
		};
/* End PBXSourcesBuildPhase section */

/* Begin XCBuildConfiguration section */
		A5D979A51DAEBAD300607F06 /* Release_DEB */ = {
			isa = XCBuildConfiguration;
			buildSettings = {
				APP_VERSION = "3.1.4-beta";
				CLANG_ENABLE_OBJC_ARC = YES;
				CLANG_WARN_BOOL_CONVERSION = YES;
				CLANG_WARN_CONSTANT_CONVERSION = YES;
				CLANG_WARN_EMPTY_BODY = YES;
				CLANG_WARN_ENUM_CONVERSION = YES;
				CLANG_WARN_INFINITE_RECURSION = YES;
				CLANG_WARN_INT_CONVERSION = YES;
				CLANG_WARN_SUSPICIOUS_MOVE = YES;
				CLANG_WARN_UNREACHABLE_CODE = YES;
				CLANG_WARN__DUPLICATE_METHOD_MATCH = YES;
				CODE_SIGN_IDENTITY = "iPhone Developer";
				DEBUG_INFORMATION_FORMAT = "dwarf-with-dsym";
				DEVELOPMENT_TEAM = VW97WHTS78;
				ENABLE_BITCODE = NO;
				ENABLE_STRICT_OBJC_MSGSEND = YES;
				EXCLUDED_RECURSIVE_SEARCH_PATH_SUBDIRECTORIES = "*.nib *.lproj *.gch (*) .DS_Store CVS .svn .git .hg *.xcodeproj *.xcode *.pbproj *.pbxproj";
				FRAMEWORK_SEARCH_PATHS = (
					"$(iOSOpenDevPath)/frameworks/**",
					"$(SDKROOT)/System/Library/PrivateFrameworks",
				);
				GCC_NO_COMMON_BLOCKS = YES;
				GCC_PREPROCESSOR_DEFINITIONS = COMPILE_FOR_JAIL;
				GCC_WARN_64_TO_32_BIT_CONVERSION = YES;
				GCC_WARN_ABOUT_DEPRECATED_FUNCTIONS = NO;
				GCC_WARN_ABOUT_RETURN_TYPE = YES;
				GCC_WARN_UNDECLARED_SELECTOR = NO;
				GCC_WARN_UNINITIALIZED_AUTOS = YES;
				GCC_WARN_UNUSED_FUNCTION = YES;
				GCC_WARN_UNUSED_VARIABLE = YES;
				HEADER_SEARCH_PATHS = "$(iOSOpenDevPath)/include/**";
				INFOPLIST_FILE = "ColoredVK-Prefs/Info.plist";
				IPHONEOS_DEPLOYMENT_TARGET = 8.0;
				LIBRARY_SEARCH_PATHS = "$(iOSOpenDevPath)/lib/**";
				PRODUCT_BUNDLE_IDENTIFIER = com.daniilpashin.coloredvk2;
				SDKROOT = iphoneos;
				SUPPORTED_PLATFORMS = iphoneos;
				TARGETED_DEVICE_FAMILY = "1,2";
				VALIDATE_PRODUCT = YES;
				iOSOpenDevPath = /opt/iOSOpenDev;
			};
			name = Release_DEB;
		};
		A5D979A61DAEBAD300607F06 /* Release_DEB */ = {
			isa = XCBuildConfiguration;
			buildSettings = {
				FRAMEWORK_SEARCH_PATHS = (
					"$(inherited)",
					"$(PROJECT_DIR)",
				);
				HEADER_SEARCH_PATHS = "$(iOSOpenDevPath)/include/**";
				INSTALL_PATH = /Library/MobileSubstrate/DynamicLibraries;
				LIBRARY_SEARCH_PATHS = "$(inherited)";
				PRODUCT_NAME = ColoredVK2;
			};
			name = Release_DEB;
		};
		A5D979A71DAEBAD300607F06 /* Release_DEB */ = {
			isa = XCBuildConfiguration;
			buildSettings = {
				FRAMEWORK_SEARCH_PATHS = (
					"$(inherited)",
					"$(PROJECT_DIR)",
				);
				INSTALL_PATH = /Library/PreferenceBundles;
				PRODUCT_NAME = ColoredVK2;
				WRAPPER_EXTENSION = bundle;
			};
			name = Release_DEB;
		};
		A5D979A81DAEBAD900607F06 /* Release_IPA */ = {
			isa = XCBuildConfiguration;
			buildSettings = {
				APP_VERSION = "3.1.4-beta";
				CLANG_ENABLE_OBJC_ARC = YES;
				CLANG_WARN_BOOL_CONVERSION = YES;
				CLANG_WARN_CONSTANT_CONVERSION = YES;
				CLANG_WARN_EMPTY_BODY = YES;
				CLANG_WARN_ENUM_CONVERSION = YES;
				CLANG_WARN_INFINITE_RECURSION = YES;
				CLANG_WARN_INT_CONVERSION = YES;
				CLANG_WARN_SUSPICIOUS_MOVE = YES;
				CLANG_WARN_UNREACHABLE_CODE = YES;
				CLANG_WARN__DUPLICATE_METHOD_MATCH = YES;
				CODE_SIGN_IDENTITY = "iPhone Developer";
				DEBUG_INFORMATION_FORMAT = "dwarf-with-dsym";
				DEVELOPMENT_TEAM = VW97WHTS78;
				ENABLE_BITCODE = NO;
				ENABLE_STRICT_OBJC_MSGSEND = YES;
				EXCLUDED_RECURSIVE_SEARCH_PATH_SUBDIRECTORIES = "*.nib *.lproj *.gch (*) .DS_Store CVS .svn .git .hg *.xcodeproj *.xcode *.pbproj *.pbxproj";
				FRAMEWORK_SEARCH_PATHS = (
					"$(iOSOpenDevPath)/frameworks/**",
					"$(SDKROOT)/System/Library/PrivateFrameworks",
				);
				GCC_NO_COMMON_BLOCKS = YES;
				GCC_WARN_64_TO_32_BIT_CONVERSION = YES;
				GCC_WARN_ABOUT_DEPRECATED_FUNCTIONS = NO;
				GCC_WARN_ABOUT_RETURN_TYPE = YES;
				GCC_WARN_UNDECLARED_SELECTOR = NO;
				GCC_WARN_UNINITIALIZED_AUTOS = YES;
				GCC_WARN_UNUSED_FUNCTION = YES;
				GCC_WARN_UNUSED_VARIABLE = YES;
				HEADER_SEARCH_PATHS = "$(iOSOpenDevPath)/include/**";
				INFOPLIST_FILE = "ColoredVK-Prefs/Info.plist";
				IPHONEOS_DEPLOYMENT_TARGET = 8.0;
				LIBRARY_SEARCH_PATHS = "$(iOSOpenDevPath)/lib/**";
				PRODUCT_BUNDLE_IDENTIFIER = com.daniilpashin.coloredvk2;
				SDKROOT = iphoneos;
				SUPPORTED_PLATFORMS = iphoneos;
				TARGETED_DEVICE_FAMILY = "1,2";
				VALIDATE_PRODUCT = YES;
				iOSOpenDevPath = /opt/iOSOpenDev;
			};
			name = Release_IPA;
		};
		A5D979A91DAEBAD900607F06 /* Release_IPA */ = {
			isa = XCBuildConfiguration;
			buildSettings = {
				FRAMEWORK_SEARCH_PATHS = (
					"$(inherited)",
					"$(PROJECT_DIR)",
				);
				HEADER_SEARCH_PATHS = "$(iOSOpenDevPath)/include/**";
				INSTALL_PATH = /Library/MobileSubstrate/DynamicLibraries;
				LIBRARY_SEARCH_PATHS = "$(inherited)";
				PRODUCT_NAME = ColoredVK2;
			};
			name = Release_IPA;
		};
		A5D979AA1DAEBAD900607F06 /* Release_IPA */ = {
			isa = XCBuildConfiguration;
			buildSettings = {
				FRAMEWORK_SEARCH_PATHS = (
					"$(inherited)",
					"$(PROJECT_DIR)",
				);
				INSTALL_PATH = /Library/PreferenceBundles;
				PRODUCT_NAME = ColoredVK2;
				WRAPPER_EXTENSION = bundle;
			};
			name = Release_IPA;
		};
		A5D979AD1DAEBB0E00607F06 /* Release_DEB */ = {
			isa = XCBuildConfiguration;
			buildSettings = {
				PRODUCT_NAME = "$(TARGET_NAME)";
			};
			name = Release_DEB;
		};
		A5D979AE1DAEBB0E00607F06 /* Release_IPA */ = {
			isa = XCBuildConfiguration;
			buildSettings = {
				PRODUCT_NAME = "$(TARGET_NAME)";
			};
			name = Release_IPA;
		};
/* End XCBuildConfiguration section */

/* Begin XCConfigurationList section */
		A5079FAC1CC92157005B9693 /* Build configuration list for PBXProject "ColoredVK" */ = {
			isa = XCConfigurationList;
			buildConfigurations = (
				A5D979A51DAEBAD300607F06 /* Release_DEB */,
				A5D979A81DAEBAD900607F06 /* Release_IPA */,
			);
			defaultConfigurationIsVisible = 0;
			defaultConfigurationName = Release_IPA;
		};
		A5079FC71CC92158005B9693 /* Build configuration list for PBXNativeTarget "ColoredVK" */ = {
			isa = XCConfigurationList;
			buildConfigurations = (
				A5D979A61DAEBAD300607F06 /* Release_DEB */,
				A5D979A91DAEBAD900607F06 /* Release_IPA */,
			);
			defaultConfigurationIsVisible = 0;
			defaultConfigurationName = Release_IPA;
		};
		A5B6ED251D3D659800383425 /* Build configuration list for PBXNativeTarget "ColoredVK-Prefs" */ = {
			isa = XCConfigurationList;
			buildConfigurations = (
				A5D979A71DAEBAD300607F06 /* Release_DEB */,
				A5D979AA1DAEBAD900607F06 /* Release_IPA */,
			);
			defaultConfigurationIsVisible = 0;
			defaultConfigurationName = Release_IPA;
		};
		A5D979AC1DAEBB0E00607F06 /* Build configuration list for PBXAggregateTarget "ColoredVK-Builder" */ = {
			isa = XCConfigurationList;
			buildConfigurations = (
				A5D979AD1DAEBB0E00607F06 /* Release_DEB */,
				A5D979AE1DAEBB0E00607F06 /* Release_IPA */,
			);
			defaultConfigurationIsVisible = 0;
			defaultConfigurationName = Release_IPA;
		};
/* End XCConfigurationList section */
	};
	rootObject = A5079FA91CC92157005B9693 /* Project object */;
}
